
Microsoft Visual Studio Solution File, Format Version 12.00
# Visual Studio 15
Project("{FAE04EC0-301F-11D3-BF4B-00C04F79EFBC}") = "Assembly-CSharp", "Assembly-CSharp.csproj", "{BB550950-BA1B-963C-816A-E5B58F6F6832}"
EndProject
Project("{FAE04EC0-301F-11D3-BF4B-00C04F79EFBC}") = "PhotonUnityNetworking.Utilities", "PhotonUnityNetworking.Utilities.csproj", "{8B4B5A2A-640F-C0D4-B115-165A75CB356E}"
EndProject
Project("{FAE04EC0-301F-11D3-BF4B-00C04F79EFBC}") = "PhotonChat", "PhotonChat.csproj", "{F70D6BF3-8978-2402-977A-A2B919C63175}"
EndProject
Project("{FAE04EC0-301F-11D3-BF4B-00C04F79EFBC}") = "PhotonUnityNetworking", "PhotonUnityNetworking.csproj", "{2EC53499-BC4A-C15C-8900-F365E1084E66}"
EndProject
Project("{FAE04EC0-301F-11D3-BF4B-00C04F79EFBC}") = "PhotonRealtime", "PhotonRealtime.csproj", "{2514F733-A382-B446-BFC3-0E45A1E8559D}"
EndProject
Project("{FAE04EC0-301F-11D3-BF4B-00C04F79EFBC}") = "PhotonWebSocket", "PhotonWebSocket.csproj", "{C0FA2DDE-665A-F009-64D1-422614C11614}"
EndProject
Project("{FAE04EC0-301F-11D3-BF4B-00C04F79EFBC}") = "PhotonUnityNetworking.Editor", "PhotonUnityNetworking.Editor.csproj", "{20F672CE-E8C7-1BFE-E454-A8CF090BB496}"
EndProject
Project("{FAE04EC0-301F-11D3-BF4B-00C04F79EFBC}") = "Assembly-CSharp-Editor", "Assembly-CSharp-Editor.csproj", "{D4189D5E-FB41-19CA-FA98-2EABE7A806A0}"
EndProject
Project("{FAE04EC0-301F-11D3-BF4B-00C04F79EFBC}") = "PhotonUnityNetworking.Utilities.PhotonPlayer.Editor", "PhotonUnityNetworking.Utilities.PhotonPlayer.Editor.csproj", "{7C17CF6B-54C3-F3B7-0C3D-BD666F3ACE6D}"
EndProject
Project("{FAE04EC0-301F-11D3-BF4B-00C04F79EFBC}") = "PhotonUnityNetworking.Utilities.Culling.Editor", "PhotonUnityNetworking.Utilities.Culling.Editor.csproj", "{6CBD1EDD-C8F9-6C4E-ADE6-BF953449E3E1}"
EndProject
Global
	GlobalSection(SolutionConfigurationPlatforms) = preSolution
		Debug|Any CPU = Debug|Any CPU
		Release|Any CPU = Release|Any CPU
	EndGlobalSection
	GlobalSection(ProjectConfigurationPlatforms) = postSolution
		{BB550950-BA1B-963C-816A-E5B58F6F6832}.Debug|Any CPU.ActiveCfg = Debug|Any CPU
		{BB550950-BA1B-963C-816A-E5B58F6F6832}.Debug|Any CPU.Build.0 = Debug|Any CPU
		{BB550950-BA1B-963C-816A-E5B58F6F6832}.Release|Any CPU.ActiveCfg = Release|Any CPU
		{BB550950-BA1B-963C-816A-E5B58F6F6832}.Release|Any CPU.Build.0 = Release|Any CPU
		{8B4B5A2A-640F-C0D4-B115-165A75CB356E}.Debug|Any CPU.ActiveCfg = Debug|Any CPU
		{8B4B5A2A-640F-C0D4-B115-165A75CB356E}.Debug|Any CPU.Build.0 = Debug|Any CPU
		{8B4B5A2A-640F-C0D4-B115-165A75CB356E}.Release|Any CPU.ActiveCfg = Release|Any CPU
		{8B4B5A2A-640F-C0D4-B115-165A75CB356E}.Release|Any CPU.Build.0 = Release|Any CPU
		{F70D6BF3-8978-2402-977A-A2B919C63175}.Debug|Any CPU.ActiveCfg = Debug|Any CPU
		{F70D6BF3-8978-2402-977A-A2B919C63175}.Debug|Any CPU.Build.0 = Debug|Any CPU
		{F70D6BF3-8978-2402-977A-A2B919C63175}.Release|Any CPU.ActiveCfg = Release|Any CPU
		{F70D6BF3-8978-2402-977A-A2B919C63175}.Release|Any CPU.Build.0 = Release|Any CPU
		{2EC53499-BC4A-C15C-8900-F365E1084E66}.Debug|Any CPU.ActiveCfg = Debug|Any CPU
		{2EC53499-BC4A-C15C-8900-F365E1084E66}.Debug|Any CPU.Build.0 = Debug|Any CPU
		{2EC53499-BC4A-C15C-8900-F365E1084E66}.Release|Any CPU.ActiveCfg = Release|Any CPU
		{2EC53499-BC4A-C15C-8900-F365E1084E66}.Release|Any CPU.Build.0 = Release|Any CPU
		{2514F733-A382-B446-BFC3-0E45A1E8559D}.Debug|Any CPU.ActiveCfg = Debug|Any CPU
		{2514F733-A382-B446-BFC3-0E45A1E8559D}.Debug|Any CPU.Build.0 = Debug|Any CPU
		{2514F733-A382-B446-BFC3-0E45A1E8559D}.Release|Any CPU.ActiveCfg = Release|Any CPU
		{2514F733-A382-B446-BFC3-0E45A1E8559D}.Release|Any CPU.Build.0 = Release|Any CPU
		{C0FA2DDE-665A-F009-64D1-422614C11614}.Debug|Any CPU.ActiveCfg = Debug|Any CPU
		{C0FA2DDE-665A-F009-64D1-422614C11614}.Debug|Any CPU.Build.0 = Debug|Any CPU
		{C0FA2DDE-665A-F009-64D1-422614C11614}.Release|Any CPU.ActiveCfg = Release|Any CPU
		{C0FA2DDE-665A-F009-64D1-422614C11614}.Release|Any CPU.Build.0 = Release|Any CPU
		{20F672CE-E8C7-1BFE-E454-A8CF090BB496}.Debug|Any CPU.ActiveCfg = Debug|Any CPU
		{20F672CE-E8C7-1BFE-E454-A8CF090BB496}.Debug|Any CPU.Build.0 = Debug|Any CPU
		{20F672CE-E8C7-1BFE-E454-A8CF090BB496}.Release|Any CPU.ActiveCfg = Release|Any CPU
		{20F672CE-E8C7-1BFE-E454-A8CF090BB496}.Release|Any CPU.Build.0 = Release|Any CPU
		{D4189D5E-FB41-19CA-FA98-2EABE7A806A0}.Debug|Any CPU.ActiveCfg = Debug|Any CPU
		{D4189D5E-FB41-19CA-FA98-2EABE7A806A0}.Debug|Any CPU.Build.0 = Debug|Any CPU
		{D4189D5E-FB41-19CA-FA98-2EABE7A806A0}.Release|Any CPU.ActiveCfg = Release|Any CPU
		{D4189D5E-FB41-19CA-FA98-2EABE7A806A0}.Release|Any CPU.Build.0 = Release|Any CPU
		{7C17CF6B-54C3-F3B7-0C3D-BD666F3ACE6D}.Debug|Any CPU.ActiveCfg = Debug|Any CPU
		{7C17CF6B-54C3-F3B7-0C3D-BD666F3ACE6D}.Debug|Any CPU.Build.0 = Debug|Any CPU
		{7C17CF6B-54C3-F3B7-0C3D-BD666F3ACE6D}.Release|Any CPU.ActiveCfg = Release|Any CPU
		{7C17CF6B-54C3-F3B7-0C3D-BD666F3ACE6D}.Release|Any CPU.Build.0 = Release|Any CPU
		{6CBD1EDD-C8F9-6C4E-ADE6-BF953449E3E1}.Debug|Any CPU.ActiveCfg = Debug|Any CPU
		{6CBD1EDD-C8F9-6C4E-ADE6-BF953449E3E1}.Debug|Any CPU.Build.0 = Debug|Any CPU
		{6CBD1EDD-C8F9-6C4E-ADE6-BF953449E3E1}.Release|Any CPU.ActiveCfg = Release|Any CPU
		{6CBD1EDD-C8F9-6C4E-ADE6-BF953449E3E1}.Release|Any CPU.Build.0 = Release|Any CPU
	EndGlobalSection
	GlobalSection(SolutionProperties) = preSolution
		HideSolutionNode = FALSE
	EndGlobalSection
EndGlobal
